
Microsoft Visual Studio Solution File, Format Version 12.00
# Visual Studio Version 17
VisualStudioVersion = 17.4.32912.340
MinimumVisualStudioVersion = 10.0.40219.1
Project("{FAE04EC0-301F-11D3-BF4B-00C04F79EFBC}") = "ThreeInARow", "ThreeInARow.csproj", "{23DA9DA8-7ACD-43AE-9ABB-980D7A3D094C}"
EndProject
Global
	GlobalSection(SolutionConfigurationPlatforms) = preSolution
		Debug|Any CPU = Debug|Any CPU
		Release|Any CPU = Release|Any CPU
	EndGlobalSection
	GlobalSection(ProjectConfigurationPlatforms) = postSolution
		{23DA9DA8-7ACD-43AE-9ABB-980D7A3D094C}.Debug|Any CPU.ActiveCfg = Debug|Any CPU
		{23DA9DA8-7ACD-43AE-9ABB-980D7A3D094C}.Debug|Any CPU.Build.0 = Debug|Any CPU
		{23DA9DA8-7ACD-43AE-9ABB-980D7A3D094C}.Release|Any CPU.ActiveCfg = Release|Any CPU
		{23DA9DA8-7ACD-43AE-9ABB-980D7A3D094C}.Release|Any CPU.Build.0 = Release|Any CPU
	EndGlobalSection
	GlobalSection(SolutionProperties) = preSolution
		HideSolutionNode = FALSE
	EndGlobalSection
	GlobalSection(ExtensibilityGlobals) = postSolution
		SolutionGuid = {5F3869FD-1E8A-46CB-9D9A-821962714804}
	EndGlobalSection
EndGlobal
